// !$*UTF8*$!
{
	archiveVersion = 1;
	classes = {
	};
	objectVersion = 52;
	objects = {

/* Begin PBXBuildFile section */
		53B2407224372AF600CBAD9D /* main.swift in Sources */ = {isa = PBXBuildFile; fileRef = 53B2407124372AF600CBAD9D /* main.swift */; };
		53B2407A24372B8100CBAD9D /* ArgumentParser in Frameworks */ = {isa = PBXBuildFile; productRef = 53B2407924372B8100CBAD9D /* ArgumentParser */; };
		53B2407C2437482F00CBAD9D /* Kassets.swift in Sources */ = {isa = PBXBuildFile; fileRef = 53B2407B2437482F00CBAD9D /* Kassets.swift */; };
		53B2407F243748A200CBAD9D /* Kassets+Generate.swift in Sources */ = {isa = PBXBuildFile; fileRef = 53B2407E243748A200CBAD9D /* Kassets+Generate.swift */; };
		53B2408224374BB200CBAD9D /* GenerationKind.swift in Sources */ = {isa = PBXBuildFile; fileRef = 53B2408124374BB200CBAD9D /* GenerationKind.swift */; };
		53B2408424374BE800CBAD9D /* GenerateExecutor.swift in Sources */ = {isa = PBXBuildFile; fileRef = 53B2408324374BE800CBAD9D /* GenerateExecutor.swift */; };
		53B240882437682800CBAD9D /* ConfigurationReader.swift in Sources */ = {isa = PBXBuildFile; fileRef = 53B240872437682800CBAD9D /* ConfigurationReader.swift */; };
		53B2408A2437686700CBAD9D /* Configuration.swift in Sources */ = {isa = PBXBuildFile; fileRef = 53B240892437686700CBAD9D /* Configuration.swift */; };
		53B2408D2437692000CBAD9D /* KassetsError.swift in Sources */ = {isa = PBXBuildFile; fileRef = 53B2408C2437692000CBAD9D /* KassetsError.swift */; };
		53B24090243786E500CBAD9D /* Assets.swift in Sources */ = {isa = PBXBuildFile; fileRef = 53B2408F243786E500CBAD9D /* Assets.swift */; };
		53B24092243787C300CBAD9D /* AssetsReader.swift in Sources */ = {isa = PBXBuildFile; fileRef = 53B24091243787C300CBAD9D /* AssetsReader.swift */; };
		53B24095243792CD00CBAD9D /* GenerateExecutor+Colors.swift in Sources */ = {isa = PBXBuildFile; fileRef = 53B24094243792CD00CBAD9D /* GenerateExecutor+Colors.swift */; };
/* End PBXBuildFile section */

/* Begin PBXCopyFilesBuildPhase section */
		53B2406C24372AF600CBAD9D /* CopyFiles */ = {
			isa = PBXCopyFilesBuildPhase;
			buildActionMask = 2147483647;
			dstPath = /usr/share/man/man1/;
			dstSubfolderSpec = 0;
			files = (
			);
			runOnlyForDeploymentPostprocessing = 1;
		};
/* End PBXCopyFilesBuildPhase section */

/* Begin PBXFileReference section */
		53B2406E24372AF600CBAD9D /* Kassets */ = {isa = PBXFileReference; explicitFileType = "compiled.mach-o.executable"; includeInIndex = 0; path = Kassets; sourceTree = BUILT_PRODUCTS_DIR; };
		53B2407124372AF600CBAD9D /* main.swift */ = {isa = PBXFileReference; lastKnownFileType = sourcecode.swift; path = main.swift; sourceTree = "<group>"; };
		53B2407B2437482F00CBAD9D /* Kassets.swift */ = {isa = PBXFileReference; lastKnownFileType = sourcecode.swift; path = Kassets.swift; sourceTree = "<group>"; };
		53B2407E243748A200CBAD9D /* Kassets+Generate.swift */ = {isa = PBXFileReference; lastKnownFileType = sourcecode.swift; path = "Kassets+Generate.swift"; sourceTree = "<group>"; };
		53B2408124374BB200CBAD9D /* GenerationKind.swift */ = {isa = PBXFileReference; lastKnownFileType = sourcecode.swift; path = GenerationKind.swift; sourceTree = "<group>"; };
		53B2408324374BE800CBAD9D /* GenerateExecutor.swift */ = {isa = PBXFileReference; lastKnownFileType = sourcecode.swift; path = GenerateExecutor.swift; sourceTree = "<group>"; };
		53B240872437682800CBAD9D /* ConfigurationReader.swift */ = {isa = PBXFileReference; lastKnownFileType = sourcecode.swift; path = ConfigurationReader.swift; sourceTree = "<group>"; };
		53B240892437686700CBAD9D /* Configuration.swift */ = {isa = PBXFileReference; lastKnownFileType = sourcecode.swift; path = Configuration.swift; sourceTree = "<group>"; };
		53B2408C2437692000CBAD9D /* KassetsError.swift */ = {isa = PBXFileReference; lastKnownFileType = sourcecode.swift; path = KassetsError.swift; sourceTree = "<group>"; };
		53B2408F243786E500CBAD9D /* Assets.swift */ = {isa = PBXFileReference; lastKnownFileType = sourcecode.swift; path = Assets.swift; sourceTree = "<group>"; };
		53B24091243787C300CBAD9D /* AssetsReader.swift */ = {isa = PBXFileReference; lastKnownFileType = sourcecode.swift; path = AssetsReader.swift; sourceTree = "<group>"; };
		53B24094243792CD00CBAD9D /* GenerateExecutor+Colors.swift */ = {isa = PBXFileReference; lastKnownFileType = sourcecode.swift; path = "GenerateExecutor+Colors.swift"; sourceTree = "<group>"; };
/* End PBXFileReference section */

/* Begin PBXFrameworksBuildPhase section */
		53B2406B24372AF600CBAD9D /* Frameworks */ = {
			isa = PBXFrameworksBuildPhase;
			buildActionMask = 2147483647;
			files = (
				53B2407A24372B8100CBAD9D /* ArgumentParser in Frameworks */,
			);
			runOnlyForDeploymentPostprocessing = 0;
		};
/* End PBXFrameworksBuildPhase section */

/* Begin PBXGroup section */
		53B2406524372AF600CBAD9D = {
			isa = PBXGroup;
			children = (
				53B2407024372AF600CBAD9D /* Kassets */,
				53B2406F24372AF600CBAD9D /* Products */,
			);
			sourceTree = "<group>";
		};
		53B2406F24372AF600CBAD9D /* Products */ = {
			isa = PBXGroup;
			children = (
				53B2406E24372AF600CBAD9D /* Kassets */,
			);
			name = Products;
			sourceTree = "<group>";
		};
		53B2407024372AF600CBAD9D /* Kassets */ = {
			isa = PBXGroup;
			children = (
				53B2407B2437482F00CBAD9D /* Kassets.swift */,
				53B2407124372AF600CBAD9D /* main.swift */,
				53B2408E243786D500CBAD9D /* Assets */,
				53B2407D2437489700CBAD9D /* Commands */,
				53B240862437681A00CBAD9D /* Configuration */,
				53B2408B2437690F00CBAD9D /* Errors */,
			);
			path = Kassets;
			sourceTree = "<group>";
		};
		53B2407D2437489700CBAD9D /* Commands */ = {
			isa = PBXGroup;
			children = (
				53B2408024374B9600CBAD9D /* Generate */,
			);
			path = Commands;
			sourceTree = "<group>";
		};
		53B2408024374B9600CBAD9D /* Generate */ = {
			isa = PBXGroup;
			children = (
				53B2408124374BB200CBAD9D /* GenerationKind.swift */,
				53B2407E243748A200CBAD9D /* Kassets+Generate.swift */,
				53B2408324374BE800CBAD9D /* GenerateExecutor.swift */,
				53B24094243792CD00CBAD9D /* GenerateExecutor+Colors.swift */,
			);
			path = Generate;
			sourceTree = "<group>";
		};
		53B240862437681A00CBAD9D /* Configuration */ = {
			isa = PBXGroup;
			children = (
				53B240892437686700CBAD9D /* Configuration.swift */,
				53B240872437682800CBAD9D /* ConfigurationReader.swift */,
			);
			path = Configuration;
			sourceTree = "<group>";
		};
		53B2408B2437690F00CBAD9D /* Errors */ = {
			isa = PBXGroup;
			children = (
				53B2408C2437692000CBAD9D /* KassetsError.swift */,
			);
			path = Errors;
			sourceTree = "<group>";
		};
		53B2408E243786D500CBAD9D /* Assets */ = {
			isa = PBXGroup;
			children = (
				53B2408F243786E500CBAD9D /* Assets.swift */,
				53B24091243787C300CBAD9D /* AssetsReader.swift */,
			);
			path = Assets;
			sourceTree = "<group>";
		};
/* End PBXGroup section */

/* Begin PBXNativeTarget section */
		53B2406D24372AF600CBAD9D /* Kassets */ = {
			isa = PBXNativeTarget;
			buildConfigurationList = 53B2407524372AF600CBAD9D /* Build configuration list for PBXNativeTarget "Kassets" */;
			buildPhases = (
				53B2406A24372AF600CBAD9D /* Sources */,
				53B2406B24372AF600CBAD9D /* Frameworks */,
				53B2406C24372AF600CBAD9D /* CopyFiles */,
			);
			buildRules = (
			);
			dependencies = (
			);
			name = Kassets;
			packageProductDependencies = (
				53B2407924372B8100CBAD9D /* ArgumentParser */,
			);
			productName = Kassets;
			productReference = 53B2406E24372AF600CBAD9D /* Kassets */;
			productType = "com.apple.product-type.tool";
		};
/* End PBXNativeTarget section */

/* Begin PBXProject section */
		53B2406624372AF600CBAD9D /* Project object */ = {
			isa = PBXProject;
			attributes = {
				LastSwiftUpdateCheck = 1140;
				LastUpgradeCheck = 1140;
				ORGANIZATIONNAME = jtouzy;
				TargetAttributes = {
					53B2406D24372AF600CBAD9D = {
						CreatedOnToolsVersion = 11.4;
					};
				};
			};
			buildConfigurationList = 53B2406924372AF600CBAD9D /* Build configuration list for PBXProject "Kassets" */;
			compatibilityVersion = "Xcode 9.3";
			developmentRegion = en;
			hasScannedForEncodings = 0;
			knownRegions = (
				en,
				Base,
			);
			mainGroup = 53B2406524372AF600CBAD9D;
			packageReferences = (
				53B2407824372B8100CBAD9D /* XCRemoteSwiftPackageReference "swift-argument-parser" */,
			);
			productRefGroup = 53B2406F24372AF600CBAD9D /* Products */;
			projectDirPath = "";
			projectRoot = "";
			targets = (
				53B2406D24372AF600CBAD9D /* Kassets */,
			);
		};
/* End PBXProject section */

/* Begin PBXSourcesBuildPhase section */
		53B2406A24372AF600CBAD9D /* Sources */ = {
			isa = PBXSourcesBuildPhase;
			buildActionMask = 2147483647;
			files = (
				53B24095243792CD00CBAD9D /* GenerateExecutor+Colors.swift in Sources */,
				53B2408424374BE800CBAD9D /* GenerateExecutor.swift in Sources */,
				53B24092243787C300CBAD9D /* AssetsReader.swift in Sources */,
				53B240882437682800CBAD9D /* ConfigurationReader.swift in Sources */,
				53B2408A2437686700CBAD9D /* Configuration.swift in Sources */,
				53B2407C2437482F00CBAD9D /* Kassets.swift in Sources */,
				53B2408224374BB200CBAD9D /* GenerationKind.swift in Sources */,
				53B2408D2437692000CBAD9D /* KassetsError.swift in Sources */,
				53B2407224372AF600CBAD9D /* main.swift in Sources */,
				53B2407F243748A200CBAD9D /* Kassets+Generate.swift in Sources */,
				53B24090243786E500CBAD9D /* Assets.swift in Sources */,
			);
			runOnlyForDeploymentPostprocessing = 0;
		};
/* End PBXSourcesBuildPhase section */

/* Begin XCBuildConfiguration section */
		53B2407324372AF600CBAD9D /* Debug */ = {
			isa = XCBuildConfiguration;
			buildSettings = {
				ALWAYS_SEARCH_USER_PATHS = NO;
				CLANG_ANALYZER_NONNULL = YES;
				CLANG_ANALYZER_NUMBER_OBJECT_CONVERSION = YES_AGGRESSIVE;
				CLANG_CXX_LANGUAGE_STANDARD = "gnu++14";
				CLANG_CXX_LIBRARY = "libc++";
				CLANG_ENABLE_MODULES = YES;
				CLANG_ENABLE_OBJC_ARC = YES;
				CLANG_ENABLE_OBJC_WEAK = YES;
				CLANG_WARN_BLOCK_CAPTURE_AUTORELEASING = YES;
				CLANG_WARN_BOOL_CONVERSION = YES;
				CLANG_WARN_COMMA = YES;
				CLANG_WARN_CONSTANT_CONVERSION = YES;
				CLANG_WARN_DEPRECATED_OBJC_IMPLEMENTATIONS = YES;
				CLANG_WARN_DIRECT_OBJC_ISA_USAGE = YES_ERROR;
				CLANG_WARN_DOCUMENTATION_COMMENTS = YES;
				CLANG_WARN_EMPTY_BODY = YES;
				CLANG_WARN_ENUM_CONVERSION = YES;
				CLANG_WARN_INFINITE_RECURSION = YES;
				CLANG_WARN_INT_CONVERSION = YES;
				CLANG_WARN_NON_LITERAL_NULL_CONVERSION = YES;
				CLANG_WARN_OBJC_IMPLICIT_RETAIN_SELF = YES;
				CLANG_WARN_OBJC_LITERAL_CONVERSION = YES;
				CLANG_WARN_OBJC_ROOT_CLASS = YES_ERROR;
				CLANG_WARN_RANGE_LOOP_ANALYSIS = YES;
				CLANG_WARN_STRICT_PROTOTYPES = YES;
				CLANG_WARN_SUSPICIOUS_MOVE = YES;
				CLANG_WARN_UNGUARDED_AVAILABILITY = YES_AGGRESSIVE;
				CLANG_WARN_UNREACHABLE_CODE = YES;
				CLANG_WARN__DUPLICATE_METHOD_MATCH = YES;
				COPY_PHASE_STRIP = NO;
				DEBUG_INFORMATION_FORMAT = dwarf;
				ENABLE_STRICT_OBJC_MSGSEND = YES;
				ENABLE_TESTABILITY = YES;
				GCC_C_LANGUAGE_STANDARD = gnu11;
				GCC_DYNAMIC_NO_PIC = NO;
				GCC_NO_COMMON_BLOCKS = YES;
				GCC_OPTIMIZATION_LEVEL = 0;
				GCC_PREPROCESSOR_DEFINITIONS = (
					"DEBUG=1",
					"$(inherited)",
				);
				GCC_WARN_64_TO_32_BIT_CONVERSION = YES;
				GCC_WARN_ABOUT_RETURN_TYPE = YES_ERROR;
				GCC_WARN_UNDECLARED_SELECTOR = YES;
				GCC_WARN_UNINITIALIZED_AUTOS = YES_AGGRESSIVE;
				GCC_WARN_UNUSED_FUNCTION = YES;
				GCC_WARN_UNUSED_VARIABLE = YES;
				MACOSX_DEPLOYMENT_TARGET = 10.15;
				MTL_ENABLE_DEBUG_INFO = INCLUDE_SOURCE;
				MTL_FAST_MATH = YES;
				ONLY_ACTIVE_ARCH = YES;
				SDKROOT = macosx;
				SWIFT_ACTIVE_COMPILATION_CONDITIONS = DEBUG;
				SWIFT_OPTIMIZATION_LEVEL = "-Onone";
			};
			name = Debug;
		};
		53B2407424372AF600CBAD9D /* Release */ = {
			isa = XCBuildConfiguration;
			buildSettings = {
				ALWAYS_SEARCH_USER_PATHS = NO;
				CLANG_ANALYZER_NONNULL = YES;
				CLANG_ANALYZER_NUMBER_OBJECT_CONVERSION = YES_AGGRESSIVE;
				CLANG_CXX_LANGUAGE_STANDARD = "gnu++14";
				CLANG_CXX_LIBRARY = "libc++";
				CLANG_ENABLE_MODULES = YES;
				CLANG_ENABLE_OBJC_ARC = YES;
				CLANG_ENABLE_OBJC_WEAK = YES;
				CLANG_WARN_BLOCK_CAPTURE_AUTORELEASING = YES;
				CLANG_WARN_BOOL_CONVERSION = YES;
				CLANG_WARN_COMMA = YES;
				CLANG_WARN_CONSTANT_CONVERSION = YES;
				CLANG_WARN_DEPRECATED_OBJC_IMPLEMENTATIONS = YES;
				CLANG_WARN_DIRECT_OBJC_ISA_USAGE = YES_ERROR;
				CLANG_WARN_DOCUMENTATION_COMMENTS = YES;
				CLANG_WARN_EMPTY_BODY = YES;
				CLANG_WARN_ENUM_CONVERSION = YES;
				CLANG_WARN_INFINITE_RECURSION = YES;
				CLANG_WARN_INT_CONVERSION = YES;
				CLANG_WARN_NON_LITERAL_NULL_CONVERSION = YES;
				CLANG_WARN_OBJC_IMPLICIT_RETAIN_SELF = YES;
				CLANG_WARN_OBJC_LITERAL_CONVERSION = YES;
				CLANG_WARN_OBJC_ROOT_CLASS = YES_ERROR;
				CLANG_WARN_RANGE_LOOP_ANALYSIS = YES;
				CLANG_WARN_STRICT_PROTOTYPES = YES;
				CLANG_WARN_SUSPICIOUS_MOVE = YES;
				CLANG_WARN_UNGUARDED_AVAILABILITY = YES_AGGRESSIVE;
				CLANG_WARN_UNREACHABLE_CODE = YES;
				CLANG_WARN__DUPLICATE_METHOD_MATCH = YES;
				COPY_PHASE_STRIP = NO;
				DEBUG_INFORMATION_FORMAT = "dwarf-with-dsym";
				ENABLE_NS_ASSERTIONS = NO;
				ENABLE_STRICT_OBJC_MSGSEND = YES;
				GCC_C_LANGUAGE_STANDARD = gnu11;
				GCC_NO_COMMON_BLOCKS = YES;
				GCC_WARN_64_TO_32_BIT_CONVERSION = YES;
				GCC_WARN_ABOUT_RETURN_TYPE = YES_ERROR;
				GCC_WARN_UNDECLARED_SELECTOR = YES;
				GCC_WARN_UNINITIALIZED_AUTOS = YES_AGGRESSIVE;
				GCC_WARN_UNUSED_FUNCTION = YES;
				GCC_WARN_UNUSED_VARIABLE = YES;
				MACOSX_DEPLOYMENT_TARGET = 10.15;
				MTL_ENABLE_DEBUG_INFO = NO;
				MTL_FAST_MATH = YES;
				SDKROOT = macosx;
				SWIFT_COMPILATION_MODE = wholemodule;
				SWIFT_OPTIMIZATION_LEVEL = "-O";
			};
			name = Release;
		};
		53B2407624372AF600CBAD9D /* Debug */ = {
			isa = XCBuildConfiguration;
			buildSettings = {
				CODE_SIGN_STYLE = Automatic;
				PRODUCT_NAME = "$(TARGET_NAME)";
				SWIFT_VERSION = 5.0;
			};
			name = Debug;
		};
		53B2407724372AF600CBAD9D /* Release */ = {
			isa = XCBuildConfiguration;
			buildSettings = {
				CODE_SIGN_STYLE = Automatic;
				PRODUCT_NAME = "$(TARGET_NAME)";
				SWIFT_VERSION = 5.0;
			};
			name = Release;
		};
/* End XCBuildConfiguration section */

/* Begin XCConfigurationList section */
		53B2406924372AF600CBAD9D /* Build configuration list for PBXProject "Kassets" */ = {
			isa = XCConfigurationList;
			buildConfigurations = (
				53B2407324372AF600CBAD9D /* Debug */,
				53B2407424372AF600CBAD9D /* Release */,
			);
			defaultConfigurationIsVisible = 0;
			defaultConfigurationName = Release;
		};
		53B2407524372AF600CBAD9D /* Build configuration list for PBXNativeTarget "Kassets" */ = {
			isa = XCConfigurationList;
			buildConfigurations = (
				53B2407624372AF600CBAD9D /* Debug */,
				53B2407724372AF600CBAD9D /* Release */,
			);
			defaultConfigurationIsVisible = 0;
			defaultConfigurationName = Release;
		};
/* End XCConfigurationList section */

/* Begin XCRemoteSwiftPackageReference section */
		53B2407824372B8100CBAD9D /* XCRemoteSwiftPackageReference "swift-argument-parser" */ = {
			isa = XCRemoteSwiftPackageReference;
			repositoryURL = "https://github.com/apple/swift-argument-parser";
			requirement = {
				kind = exactVersion;
				version = 0.0.4;
			};
		};
/* End XCRemoteSwiftPackageReference section */

/* Begin XCSwiftPackageProductDependency section */
		53B2407924372B8100CBAD9D /* ArgumentParser */ = {
			isa = XCSwiftPackageProductDependency;
			package = 53B2407824372B8100CBAD9D /* XCRemoteSwiftPackageReference "swift-argument-parser" */;
			productName = ArgumentParser;
		};
/* End XCSwiftPackageProductDependency section */
	};
	rootObject = 53B2406624372AF600CBAD9D /* Project object */;
}
